
Microsoft Visual Studio Solution File, Format Version 12.00
# Visual Studio 15
VisualStudioVersion = 15.0.26730.10
MinimumVisualStudioVersion = 15.0.26124.0
Project("{9A19103F-16F7-4668-BE54-9A1E7A4F7556}") = "ImageGenetic.Core", "ImageGenetic.Core\ImageGenetic.Core.csproj", "{8E2852E7-EEF3-4D58-9A05-9BEB2CA3B67F}"
EndProject
Project("{9A19103F-16F7-4668-BE54-9A1E7A4F7556}") = "ImageGenetic.Console", "ImageGenetic.Console\ImageGenetic.Console.csproj", "{621EE898-8EE2-4A5A-B1CB-90FB8252E3C0}"
EndProject
Project("{FAE04EC0-301F-11D3-BF4B-00C04F79EFBC}") = "ImageGenetic.App", "ImageGenetic.App\ImageGenetic.App.csproj", "{7106B7E8-7FFA-4030-B0FD-E6E1809CCCF2}"
EndProject
Global
	GlobalSection(SolutionConfigurationPlatforms) = preSolution
		Debug|Any CPU = Debug|Any CPU
		Debug|x64 = Debug|x64
		Debug|x86 = Debug|x86
		Release|Any CPU = Release|Any CPU
		Release|x64 = Release|x64
		Release|x86 = Release|x86
	EndGlobalSection
	GlobalSection(ProjectConfigurationPlatforms) = postSolution
		{8E2852E7-EEF3-4D58-9A05-9BEB2CA3B67F}.Debug|Any CPU.ActiveCfg = Debug|Any CPU
		{8E2852E7-EEF3-4D58-9A05-9BEB2CA3B67F}.Debug|Any CPU.Build.0 = Debug|Any CPU
		{8E2852E7-EEF3-4D58-9A05-9BEB2CA3B67F}.Debug|x64.ActiveCfg = Debug|Any CPU
		{8E2852E7-EEF3-4D58-9A05-9BEB2CA3B67F}.Debug|x64.Build.0 = Debug|Any CPU
		{8E2852E7-EEF3-4D58-9A05-9BEB2CA3B67F}.Debug|x86.ActiveCfg = Debug|Any CPU
		{8E2852E7-EEF3-4D58-9A05-9BEB2CA3B67F}.Debug|x86.Build.0 = Debug|Any CPU
		{8E2852E7-EEF3-4D58-9A05-9BEB2CA3B67F}.Release|Any CPU.ActiveCfg = Release|Any CPU
		{8E2852E7-EEF3-4D58-9A05-9BEB2CA3B67F}.Release|Any CPU.Build.0 = Release|Any CPU
		{8E2852E7-EEF3-4D58-9A05-9BEB2CA3B67F}.Release|x64.ActiveCfg = Release|Any CPU
		{8E2852E7-EEF3-4D58-9A05-9BEB2CA3B67F}.Release|x64.Build.0 = Release|Any CPU
		{8E2852E7-EEF3-4D58-9A05-9BEB2CA3B67F}.Release|x86.ActiveCfg = Release|Any CPU
		{8E2852E7-EEF3-4D58-9A05-9BEB2CA3B67F}.Release|x86.Build.0 = Release|Any CPU
		{621EE898-8EE2-4A5A-B1CB-90FB8252E3C0}.Debug|Any CPU.ActiveCfg = Debug|Any CPU
		{621EE898-8EE2-4A5A-B1CB-90FB8252E3C0}.Debug|Any CPU.Build.0 = Debug|Any CPU
		{621EE898-8EE2-4A5A-B1CB-90FB8252E3C0}.Debug|x64.ActiveCfg = Debug|Any CPU
		{621EE898-8EE2-4A5A-B1CB-90FB8252E3C0}.Debug|x64.Build.0 = Debug|Any CPU
		{621EE898-8EE2-4A5A-B1CB-90FB8252E3C0}.Debug|x86.ActiveCfg = Debug|Any CPU
		{621EE898-8EE2-4A5A-B1CB-90FB8252E3C0}.Debug|x86.Build.0 = Debug|Any CPU
		{621EE898-8EE2-4A5A-B1CB-90FB8252E3C0}.Release|Any CPU.ActiveCfg = Release|Any CPU
		{621EE898-8EE2-4A5A-B1CB-90FB8252E3C0}.Release|Any CPU.Build.0 = Release|Any CPU
		{621EE898-8EE2-4A5A-B1CB-90FB8252E3C0}.Release|x64.ActiveCfg = Release|Any CPU
		{621EE898-8EE2-4A5A-B1CB-90FB8252E3C0}.Release|x64.Build.0 = Release|Any CPU
		{621EE898-8EE2-4A5A-B1CB-90FB8252E3C0}.Release|x86.ActiveCfg = Release|Any CPU
		{621EE898-8EE2-4A5A-B1CB-90FB8252E3C0}.Release|x86.Build.0 = Release|Any CPU
		{7106B7E8-7FFA-4030-B0FD-E6E1809CCCF2}.Debug|Any CPU.ActiveCfg = Debug|Any CPU
		{7106B7E8-7FFA-4030-B0FD-E6E1809CCCF2}.Debug|Any CPU.Build.0 = Debug|Any CPU
		{7106B7E8-7FFA-4030-B0FD-E6E1809CCCF2}.Debug|x64.ActiveCfg = Debug|Any CPU
		{7106B7E8-7FFA-4030-B0FD-E6E1809CCCF2}.Debug|x64.Build.0 = Debug|Any CPU
		{7106B7E8-7FFA-4030-B0FD-E6E1809CCCF2}.Debug|x86.ActiveCfg = Debug|Any CPU
		{7106B7E8-7FFA-4030-B0FD-E6E1809CCCF2}.Debug|x86.Build.0 = Debug|Any CPU
		{7106B7E8-7FFA-4030-B0FD-E6E1809CCCF2}.Release|Any CPU.ActiveCfg = Release|Any CPU
		{7106B7E8-7FFA-4030-B0FD-E6E1809CCCF2}.Release|Any CPU.Build.0 = Release|Any CPU
		{7106B7E8-7FFA-4030-B0FD-E6E1809CCCF2}.Release|x64.ActiveCfg = Release|Any CPU
		{7106B7E8-7FFA-4030-B0FD-E6E1809CCCF2}.Release|x64.Build.0 = Release|Any CPU
		{7106B7E8-7FFA-4030-B0FD-E6E1809CCCF2}.Release|x86.ActiveCfg = Release|Any CPU
		{7106B7E8-7FFA-4030-B0FD-E6E1809CCCF2}.Release|x86.Build.0 = Release|Any CPU
	EndGlobalSection
	GlobalSection(SolutionProperties) = preSolution
		HideSolutionNode = FALSE
	EndGlobalSection
	GlobalSection(ExtensibilityGlobals) = postSolution
		SolutionGuid = {0BF89E12-6562-48D7-8D74-6C754F6FC145}
	EndGlobalSection
EndGlobal
